{
  "name": "package",
  "version": "1.0.0",
  "lockfileVersion": 1,
  "requires": true,
  "dependencies": {
    "@zappar/webgl-snapshot": {
      "version": "0.0.15",
      "resolved": "https://registry.npmjs.org/@zappar/webgl-snapshot/-/webgl-snapshot-0.0.15.tgz",
      "integrity": "sha512-zHq5vMVBY6CivS7X/s1OSs/QzOEVrMSR/yZwFjNdH5lIxYszl+sce6BZjNE88OQqTstgWQDAiggjRIE+aYlfhQ==",
      "requires": {
        "ua-parser-js": "^0.7.21"
      }
    },
    "ua-parser-js": {
      "version": "0.7.23",
      "resolved": "https://registry.npmjs.org/ua-parser-js/-/ua-parser-js-0.7.23.tgz",
      "integrity": "sha512-m4hvMLxgGHXG3O3fQVAyyAQpZzDOvwnhOTjYz5Xmr7r/+LpkNy3vJXdVRWgd1TkAb7NGROZuSy96CrlNVjA7KA=="
    }
  }
}
